
Microsoft Visual Studio Solution File, Format Version 12.00
# Visual Studio Version 17
VisualStudioVersion = 17.14.36025.13 d17.14
MinimumVisualStudioVersion = 10.0.40219.1
Project("{FAE04EC0-301F-11D3-BF4B-00C04F79EFBC}") = "series-analyzer", "series-analyzer\series-analyzer.csproj", "{7464C6FB-E58D-42D8-8021-968C78E4C295}"
EndProject
Global
	GlobalSection(SolutionConfigurationPlatforms) = preSolution
		Debug|Any CPU = Debug|Any CPU
		Release|Any CPU = Release|Any CPU
	EndGlobalSection
	GlobalSection(ProjectConfigurationPlatforms) = postSolution
		{7464C6FB-E58D-42D8-8021-968C78E4C295}.Debug|Any CPU.ActiveCfg = Debug|Any CPU
		{7464C6FB-E58D-42D8-8021-968C78E4C295}.Debug|Any CPU.Build.0 = Debug|Any CPU
		{7464C6FB-E58D-42D8-8021-968C78E4C295}.Release|Any CPU.ActiveCfg = Release|Any CPU
		{7464C6FB-E58D-42D8-8021-968C78E4C295}.Release|Any CPU.Build.0 = Release|Any CPU
	EndGlobalSection
	GlobalSection(SolutionProperties) = preSolution
		HideSolutionNode = FALSE
	EndGlobalSection
	GlobalSection(ExtensibilityGlobals) = postSolution
		SolutionGuid = {DE1AF5B9-4D5C-4E89-B71C-989A89709652}
	EndGlobalSection
EndGlobal
